// !$*UTF8*$!
{
	archiveVersion = 1;
	classes = {
	};
	objectVersion = 50;
	objects = {

/* Begin PBXBuildFile section */
		591771952727BC5500D12036 /* GameView.swift in Sources */ = {isa = PBXBuildFile; fileRef = 591771942727BC5500D12036 /* GameView.swift */; };
		59264F7F272E69AA00E3528F /* HardView.swift in Sources */ = {isa = PBXBuildFile; fileRef = 59264F7E272E69AA00E3528F /* HardView.swift */; };
		595BB451272EFFE900E5D666 /* DifficultyViewModel.swift in Sources */ = {isa = PBXBuildFile; fileRef = 595BB450272EFFE900E5D666 /* DifficultyViewModel.swift */; };
		5965461F272DE02F0007D021 /* MediumView.swift in Sources */ = {isa = PBXBuildFile; fileRef = 5965461E272DE02F0007D021 /* MediumView.swift */; };
		59B8D70B27100B1E00437539 /* MemoryGameApp.swift in Sources */ = {isa = PBXBuildFile; fileRef = 59B8D70A27100B1E00437539 /* MemoryGameApp.swift */; };
		59B8D70D27100B1E00437539 /* ContentView.swift in Sources */ = {isa = PBXBuildFile; fileRef = 59B8D70C27100B1E00437539 /* ContentView.swift */; };
		59B8D70F27100B2100437539 /* Assets.xcassets in Resources */ = {isa = PBXBuildFile; fileRef = 59B8D70E27100B2100437539 /* Assets.xcassets */; };
		59B8D71227100B2100437539 /* Preview Assets.xcassets in Resources */ = {isa = PBXBuildFile; fileRef = 59B8D71127100B2100437539 /* Preview Assets.xcassets */; };
		59B8D71D27100B2100437539 /* MemoryGameTests.swift in Sources */ = {isa = PBXBuildFile; fileRef = 59B8D71C27100B2100437539 /* MemoryGameTests.swift */; };
		59B8D72827100B2100437539 /* MemoryGameUITests.swift in Sources */ = {isa = PBXBuildFile; fileRef = 59B8D72727100B2100437539 /* MemoryGameUITests.swift */; };
/* End PBXBuildFile section */

/* Begin PBXContainerItemProxy section */
		59B8D71927100B2100437539 /* PBXContainerItemProxy */ = {
			isa = PBXContainerItemProxy;
			containerPortal = 59B8D6FF27100B1E00437539 /* Project object */;
			proxyType = 1;
			remoteGlobalIDString = 59B8D70627100B1E00437539;
			remoteInfo = MemoryGame;
		};
		59B8D72427100B2100437539 /* PBXContainerItemProxy */ = {
			isa = PBXContainerItemProxy;
			containerPortal = 59B8D6FF27100B1E00437539 /* Project object */;
			proxyType = 1;
			remoteGlobalIDString = 59B8D70627100B1E00437539;
			remoteInfo = MemoryGame;
		};
/* End PBXContainerItemProxy section */

/* Begin PBXFileReference section */
		591771942727BC5500D12036 /* GameView.swift */ = {isa = PBXFileReference; lastKnownFileType = sourcecode.swift; path = GameView.swift; sourceTree = "<group>"; };
		59264F7E272E69AA00E3528F /* HardView.swift */ = {isa = PBXFileReference; lastKnownFileType = sourcecode.swift; path = HardView.swift; sourceTree = "<group>"; };
		595BB450272EFFE900E5D666 /* DifficultyViewModel.swift */ = {isa = PBXFileReference; lastKnownFileType = sourcecode.swift; path = DifficultyViewModel.swift; sourceTree = "<group>"; };
		5965461E272DE02F0007D021 /* MediumView.swift */ = {isa = PBXFileReference; lastKnownFileType = sourcecode.swift; path = MediumView.swift; sourceTree = "<group>"; };
		59B8D70727100B1E00437539 /* MemoryGame.app */ = {isa = PBXFileReference; explicitFileType = wrapper.application; includeInIndex = 0; path = MemoryGame.app; sourceTree = BUILT_PRODUCTS_DIR; };
		59B8D70A27100B1E00437539 /* MemoryGameApp.swift */ = {isa = PBXFileReference; lastKnownFileType = sourcecode.swift; path = MemoryGameApp.swift; sourceTree = "<group>"; };
		59B8D70C27100B1E00437539 /* ContentView.swift */ = {isa = PBXFileReference; lastKnownFileType = sourcecode.swift; path = ContentView.swift; sourceTree = "<group>"; };
		59B8D70E27100B2100437539 /* Assets.xcassets */ = {isa = PBXFileReference; lastKnownFileType = folder.assetcatalog; path = Assets.xcassets; sourceTree = "<group>"; };
		59B8D71127100B2100437539 /* Preview Assets.xcassets */ = {isa = PBXFileReference; lastKnownFileType = folder.assetcatalog; path = "Preview Assets.xcassets"; sourceTree = "<group>"; };
		59B8D71327100B2100437539 /* Info.plist */ = {isa = PBXFileReference; lastKnownFileType = text.plist.xml; path = Info.plist; sourceTree = "<group>"; };
		59B8D71827100B2100437539 /* MemoryGameTests.xctest */ = {isa = PBXFileReference; explicitFileType = wrapper.cfbundle; includeInIndex = 0; path = MemoryGameTests.xctest; sourceTree = BUILT_PRODUCTS_DIR; };
		59B8D71C27100B2100437539 /* MemoryGameTests.swift */ = {isa = PBXFileReference; lastKnownFileType = sourcecode.swift; path = MemoryGameTests.swift; sourceTree = "<group>"; };
		59B8D71E27100B2100437539 /* Info.plist */ = {isa = PBXFileReference; lastKnownFileType = text.plist.xml; path = Info.plist; sourceTree = "<group>"; };
		59B8D72327100B2100437539 /* MemoryGameUITests.xctest */ = {isa = PBXFileReference; explicitFileType = wrapper.cfbundle; includeInIndex = 0; path = MemoryGameUITests.xctest; sourceTree = BUILT_PRODUCTS_DIR; };
		59B8D72727100B2100437539 /* MemoryGameUITests.swift */ = {isa = PBXFileReference; lastKnownFileType = sourcecode.swift; path = MemoryGameUITests.swift; sourceTree = "<group>"; };
		59B8D72927100B2100437539 /* Info.plist */ = {isa = PBXFileReference; lastKnownFileType = text.plist.xml; path = Info.plist; sourceTree = "<group>"; };
/* End PBXFileReference section */

/* Begin PBXFrameworksBuildPhase section */
		59B8D70427100B1E00437539 /* Frameworks */ = {
			isa = PBXFrameworksBuildPhase;
			buildActionMask = 2147483647;
			files = (
			);
			runOnlyForDeploymentPostprocessing = 0;
		};
		59B8D71527100B2100437539 /* Frameworks */ = {
			isa = PBXFrameworksBuildPhase;
			buildActionMask = 2147483647;
			files = (
			);
			runOnlyForDeploymentPostprocessing = 0;
		};
		59B8D72027100B2100437539 /* Frameworks */ = {
			isa = PBXFrameworksBuildPhase;
			buildActionMask = 2147483647;
			files = (
			);
			runOnlyForDeploymentPostprocessing = 0;
		};
/* End PBXFrameworksBuildPhase section */

/* Begin PBXGroup section */
		59B8D6FE27100B1E00437539 = {
			isa = PBXGroup;
			children = (
				59B8D70927100B1E00437539 /* MemoryGame */,
				59B8D71B27100B2100437539 /* MemoryGameTests */,
				59B8D72627100B2100437539 /* MemoryGameUITests */,
				59B8D70827100B1E00437539 /* Products */,
			);
			sourceTree = "<group>";
		};
		59B8D70827100B1E00437539 /* Products */ = {
			isa = PBXGroup;
			children = (
				59B8D70727100B1E00437539 /* MemoryGame.app */,
				59B8D71827100B2100437539 /* MemoryGameTests.xctest */,
				59B8D72327100B2100437539 /* MemoryGameUITests.xctest */,
			);
			name = Products;
			sourceTree = "<group>";
		};
		59B8D70927100B1E00437539 /* MemoryGame */ = {
			isa = PBXGroup;
			children = (
				59B8D70A27100B1E00437539 /* MemoryGameApp.swift */,
				59B8D70C27100B1E00437539 /* ContentView.swift */,
				591771942727BC5500D12036 /* GameView.swift */,
				5965461E272DE02F0007D021 /* MediumView.swift */,
				59264F7E272E69AA00E3528F /* HardView.swift */,
				595BB450272EFFE900E5D666 /* DifficultyViewModel.swift */,
				59B8D70E27100B2100437539 /* Assets.xcassets */,
				59B8D71327100B2100437539 /* Info.plist */,
				59B8D71027100B2100437539 /* Preview Content */,
			);
			path = MemoryGame;
			sourceTree = "<group>";
		};
		59B8D71027100B2100437539 /* Preview Content */ = {
			isa = PBXGroup;
			children = (
				59B8D71127100B2100437539 /* Preview Assets.xcassets */,
			);
			path = "Preview Content";
			sourceTree = "<group>";
		};
		59B8D71B27100B2100437539 /* MemoryGameTests */ = {
			isa = PBXGroup;
			children = (
				59B8D71C27100B2100437539 /* MemoryGameTests.swift */,
				59B8D71E27100B2100437539 /* Info.plist */,
			);
			path = MemoryGameTests;
			sourceTree = "<group>";
		};
		59B8D72627100B2100437539 /* MemoryGameUITests */ = {
			isa = PBXGroup;
			children = (
				59B8D72727100B2100437539 /* MemoryGameUITests.swift */,
				59B8D72927100B2100437539 /* Info.plist */,
			);
			path = MemoryGameUITests;
			sourceTree = "<group>";
		};
/* End PBXGroup section */

/* Begin PBXNativeTarget section */
		59B8D70627100B1E00437539 /* MemoryGame */ = {
			isa = PBXNativeTarget;
			buildConfigurationList = 59B8D72C27100B2100437539 /* Build configuration list for PBXNativeTarget "MemoryGame" */;
			buildPhases = (
				59B8D70327100B1E00437539 /* Sources */,
				59B8D70427100B1E00437539 /* Frameworks */,
				59B8D70527100B1E00437539 /* Resources */,
			);
			buildRules = (
			);
			dependencies = (
			);
			name = MemoryGame;
			productName = MemoryGame;
			productReference = 59B8D70727100B1E00437539 /* MemoryGame.app */;
			productType = "com.apple.product-type.application";
		};
		59B8D71727100B2100437539 /* MemoryGameTests */ = {
			isa = PBXNativeTarget;
			buildConfigurationList = 59B8D72F27100B2100437539 /* Build configuration list for PBXNativeTarget "MemoryGameTests" */;
			buildPhases = (
				59B8D71427100B2100437539 /* Sources */,
				59B8D71527100B2100437539 /* Frameworks */,
				59B8D71627100B2100437539 /* Resources */,
			);
			buildRules = (
			);
			dependencies = (
				59B8D71A27100B2100437539 /* PBXTargetDependency */,
			);
			name = MemoryGameTests;
			productName = MemoryGameTests;
			productReference = 59B8D71827100B2100437539 /* MemoryGameTests.xctest */;
			productType = "com.apple.product-type.bundle.unit-test";
		};
		59B8D72227100B2100437539 /* MemoryGameUITests */ = {
			isa = PBXNativeTarget;
			buildConfigurationList = 59B8D73227100B2100437539 /* Build configuration list for PBXNativeTarget "MemoryGameUITests" */;
			buildPhases = (
				59B8D71F27100B2100437539 /* Sources */,
				59B8D72027100B2100437539 /* Frameworks */,
				59B8D72127100B2100437539 /* Resources */,
			);
			buildRules = (
			);
			dependencies = (
				59B8D72527100B2100437539 /* PBXTargetDependency */,
			);
			name = MemoryGameUITests;
			productName = MemoryGameUITests;
			productReference = 59B8D72327100B2100437539 /* MemoryGameUITests.xctest */;
			productType = "com.apple.product-type.bundle.ui-testing";
		};
/* End PBXNativeTarget section */

/* Begin PBXProject section */
		59B8D6FF27100B1E00437539 /* Project object */ = {
			isa = PBXProject;
			attributes = {
				LastSwiftUpdateCheck = 1250;
				LastUpgradeCheck = 1250;
				TargetAttributes = {
					59B8D70627100B1E00437539 = {
						CreatedOnToolsVersion = 12.5.1;
					};
					59B8D71727100B2100437539 = {
						CreatedOnToolsVersion = 12.5.1;
						TestTargetID = 59B8D70627100B1E00437539;
					};
					59B8D72227100B2100437539 = {
						CreatedOnToolsVersion = 12.5.1;
						TestTargetID = 59B8D70627100B1E00437539;
					};
				};
			};
			buildConfigurationList = 59B8D70227100B1E00437539 /* Build configuration list for PBXProject "MemoryGame" */;
			compatibilityVersion = "Xcode 9.3";
			developmentRegion = en;
			hasScannedForEncodings = 0;
			knownRegions = (
				en,
				Base,
			);
			mainGroup = 59B8D6FE27100B1E00437539;
			productRefGroup = 59B8D70827100B1E00437539 /* Products */;
			projectDirPath = "";
			projectRoot = "";
			targets = (
				59B8D70627100B1E00437539 /* MemoryGame */,
				59B8D71727100B2100437539 /* MemoryGameTests */,
				59B8D72227100B2100437539 /* MemoryGameUITests */,
			);
		};
/* End PBXProject section */

/* Begin PBXResourcesBuildPhase section */
		59B8D70527100B1E00437539 /* Resources */ = {
			isa = PBXResourcesBuildPhase;
			buildActionMask = 2147483647;
			files = (
				59B8D71227100B2100437539 /* Preview Assets.xcassets in Resources */,
				59B8D70F27100B2100437539 /* Assets.xcassets in Resources */,
			);
			runOnlyForDeploymentPostprocessing = 0;
		};
		59B8D71627100B2100437539 /* Resources */ = {
			isa = PBXResourcesBuildPhase;
			buildActionMask = 2147483647;
			files = (
			);
			runOnlyForDeploymentPostprocessing = 0;
		};
		59B8D72127100B2100437539 /* Resources */ = {
			isa = PBXResourcesBuildPhase;
			buildActionMask = 2147483647;
			files = (
			);
			runOnlyForDeploymentPostprocessing = 0;
		};
/* End PBXResourcesBuildPhase section */

/* Begin PBXSourcesBuildPhase section */
		59B8D70327100B1E00437539 /* Sources */ = {
			isa = PBXSourcesBuildPhase;
			buildActionMask = 2147483647;
			files = (
				59B8D70D27100B1E00437539 /* ContentView.swift in Sources */,
				591771952727BC5500D12036 /* GameView.swift in Sources */,
				59264F7F272E69AA00E3528F /* HardView.swift in Sources */,
				59B8D70B27100B1E00437539 /* MemoryGameApp.swift in Sources */,
				5965461F272DE02F0007D021 /* MediumView.swift in Sources */,
				595BB451272EFFE900E5D666 /* DifficultyViewModel.swift in Sources */,
			);
			runOnlyForDeploymentPostprocessing = 0;
		};
		59B8D71427100B2100437539 /* Sources */ = {
			isa = PBXSourcesBuildPhase;
			buildActionMask = 2147483647;
			files = (
				59B8D71D27100B2100437539 /* MemoryGameTests.swift in Sources */,
			);
			runOnlyForDeploymentPostprocessing = 0;
		};
		59B8D71F27100B2100437539 /* Sources */ = {
			isa = PBXSourcesBuildPhase;
			buildActionMask = 2147483647;
			files = (
				59B8D72827100B2100437539 /* MemoryGameUITests.swift in Sources */,
			);
			runOnlyForDeploymentPostprocessing = 0;
		};
/* End PBXSourcesBuildPhase section */

/* Begin PBXTargetDependency section */
		59B8D71A27100B2100437539 /* PBXTargetDependency */ = {
			isa = PBXTargetDependency;
			target = 59B8D70627100B1E00437539 /* MemoryGame */;
			targetProxy = 59B8D71927100B2100437539 /* PBXContainerItemProxy */;
		};
		59B8D72527100B2100437539 /* PBXTargetDependency */ = {
			isa = PBXTargetDependency;
			target = 59B8D70627100B1E00437539 /* MemoryGame */;
			targetProxy = 59B8D72427100B2100437539 /* PBXContainerItemProxy */;
		};
/* End PBXTargetDependency section */

/* Begin XCBuildConfiguration section */
		59B8D72A27100B2100437539 /* Debug */ = {
			isa = XCBuildConfiguration;
			buildSettings = {
				ALWAYS_SEARCH_USER_PATHS = NO;
				CLANG_ANALYZER_NONNULL = YES;
				CLANG_ANALYZER_NUMBER_OBJECT_CONVERSION = YES_AGGRESSIVE;
				CLANG_CXX_LANGUAGE_STANDARD = "gnu++14";
				CLANG_CXX_LIBRARY = "libc++";
				CLANG_ENABLE_MODULES = YES;
				CLANG_ENABLE_OBJC_ARC = YES;
				CLANG_ENABLE_OBJC_WEAK = YES;
				CLANG_WARN_BLOCK_CAPTURE_AUTORELEASING = YES;
				CLANG_WARN_BOOL_CONVERSION = YES;
				CLANG_WARN_COMMA = YES;
				CLANG_WARN_CONSTANT_CONVERSION = YES;
				CLANG_WARN_DEPRECATED_OBJC_IMPLEMENTATIONS = YES;
				CLANG_WARN_DIRECT_OBJC_ISA_USAGE = YES_ERROR;
				CLANG_WARN_DOCUMENTATION_COMMENTS = YES;
				CLANG_WARN_EMPTY_BODY = YES;
				CLANG_WARN_ENUM_CONVERSION = YES;
				CLANG_WARN_INFINITE_RECURSION = YES;
				CLANG_WARN_INT_CONVERSION = YES;
				CLANG_WARN_NON_LITERAL_NULL_CONVERSION = YES;
				CLANG_WARN_OBJC_IMPLICIT_RETAIN_SELF = YES;
				CLANG_WARN_OBJC_LITERAL_CONVERSION = YES;
				CLANG_WARN_OBJC_ROOT_CLASS = YES_ERROR;
				CLANG_WARN_QUOTED_INCLUDE_IN_FRAMEWORK_HEADER = YES;
				CLANG_WARN_RANGE_LOOP_ANALYSIS = YES;
				CLANG_WARN_STRICT_PROTOTYPES = YES;
				CLANG_WARN_SUSPICIOUS_MOVE = YES;
				CLANG_WARN_UNGUARDED_AVAILABILITY = YES_AGGRESSIVE;
				CLANG_WARN_UNREACHABLE_CODE = YES;
				CLANG_WARN__DUPLICATE_METHOD_MATCH = YES;
				COPY_PHASE_STRIP = NO;
				DEBUG_INFORMATION_FORMAT = dwarf;
				ENABLE_STRICT_OBJC_MSGSEND = YES;
				ENABLE_TESTABILITY = YES;
				GCC_C_LANGUAGE_STANDARD = gnu11;
				GCC_DYNAMIC_NO_PIC = NO;
				GCC_NO_COMMON_BLOCKS = YES;
				GCC_OPTIMIZATION_LEVEL = 0;
				GCC_PREPROCESSOR_DEFINITIONS = (
					"DEBUG=1",
					"$(inherited)",
				);
				GCC_WARN_64_TO_32_BIT_CONVERSION = YES;
				GCC_WARN_ABOUT_RETURN_TYPE = YES_ERROR;
				GCC_WARN_UNDECLARED_SELECTOR = YES;
				GCC_WARN_UNINITIALIZED_AUTOS = YES_AGGRESSIVE;
				GCC_WARN_UNUSED_FUNCTION = YES;
				GCC_WARN_UNUSED_VARIABLE = YES;
				IPHONEOS_DEPLOYMENT_TARGET = 14.5;
				MTL_ENABLE_DEBUG_INFO = INCLUDE_SOURCE;
				MTL_FAST_MATH = YES;
				ONLY_ACTIVE_ARCH = YES;
				SDKROOT = iphoneos;
				SKIP_INSTALL = YES;
				SWIFT_ACTIVE_COMPILATION_CONDITIONS = DEBUG;
				SWIFT_OPTIMIZATION_LEVEL = "-Onone";
			};
			name = Debug;
		};
		59B8D72B27100B2100437539 /* Release */ = {
			isa = XCBuildConfiguration;
			buildSettings = {
				ALWAYS_SEARCH_USER_PATHS = NO;
				CLANG_ANALYZER_NONNULL = YES;
				CLANG_ANALYZER_NUMBER_OBJECT_CONVERSION = YES_AGGRESSIVE;
				CLANG_CXX_LANGUAGE_STANDARD = "gnu++14";
				CLANG_CXX_LIBRARY = "libc++";
				CLANG_ENABLE_MODULES = YES;
				CLANG_ENABLE_OBJC_ARC = YES;
				CLANG_ENABLE_OBJC_WEAK = YES;
				CLANG_WARN_BLOCK_CAPTURE_AUTORELEASING = YES;
				CLANG_WARN_BOOL_CONVERSION = YES;
				CLANG_WARN_COMMA = YES;
				CLANG_WARN_CONSTANT_CONVERSION = YES;
				CLANG_WARN_DEPRECATED_OBJC_IMPLEMENTATIONS = YES;
				CLANG_WARN_DIRECT_OBJC_ISA_USAGE = YES_ERROR;
				CLANG_WARN_DOCUMENTATION_COMMENTS = YES;
				CLANG_WARN_EMPTY_BODY = YES;
				CLANG_WARN_ENUM_CONVERSION = YES;
				CLANG_WARN_INFINITE_RECURSION = YES;
				CLANG_WARN_INT_CONVERSION = YES;
				CLANG_WARN_NON_LITERAL_NULL_CONVERSION = YES;
				CLANG_WARN_OBJC_IMPLICIT_RETAIN_SELF = YES;
				CLANG_WARN_OBJC_LITERAL_CONVERSION = YES;
				CLANG_WARN_OBJC_ROOT_CLASS = YES_ERROR;
				CLANG_WARN_QUOTED_INCLUDE_IN_FRAMEWORK_HEADER = YES;
				CLANG_WARN_RANGE_LOOP_ANALYSIS = YES;
				CLANG_WARN_STRICT_PROTOTYPES = YES;
				CLANG_WARN_SUSPICIOUS_MOVE = YES;
				CLANG_WARN_UNGUARDED_AVAILABILITY = YES_AGGRESSIVE;
				CLANG_WARN_UNREACHABLE_CODE = YES;
				CLANG_WARN__DUPLICATE_METHOD_MATCH = YES;
				COPY_PHASE_STRIP = NO;
				DEBUG_INFORMATION_FORMAT = "dwarf-with-dsym";
				ENABLE_NS_ASSERTIONS = NO;
				ENABLE_STRICT_OBJC_MSGSEND = YES;
				GCC_C_LANGUAGE_STANDARD = gnu11;
				GCC_NO_COMMON_BLOCKS = YES;
				GCC_WARN_64_TO_32_BIT_CONVERSION = YES;
				GCC_WARN_ABOUT_RETURN_TYPE = YES_ERROR;
				GCC_WARN_UNDECLARED_SELECTOR = YES;
				GCC_WARN_UNINITIALIZED_AUTOS = YES_AGGRESSIVE;
				GCC_WARN_UNUSED_FUNCTION = YES;
				GCC_WARN_UNUSED_VARIABLE = YES;
				IPHONEOS_DEPLOYMENT_TARGET = 14.5;
				MTL_ENABLE_DEBUG_INFO = NO;
				MTL_FAST_MATH = YES;
				SDKROOT = iphoneos;
				SKIP_INSTALL = YES;
				SWIFT_COMPILATION_MODE = wholemodule;
				SWIFT_OPTIMIZATION_LEVEL = "-O";
				VALIDATE_PRODUCT = YES;
			};
			name = Release;
		};
		59B8D72D27100B2100437539 /* Debug */ = {
			isa = XCBuildConfiguration;
			buildSettings = {
				ASSETCATALOG_COMPILER_APPICON_NAME = AppIcon;
				ASSETCATALOG_COMPILER_GLOBAL_ACCENT_COLOR_NAME = AccentColor;
				CODE_SIGN_STYLE = Automatic;
				DEVELOPMENT_ASSET_PATHS = "\"MemoryGame/Preview Content\"";
				DEVELOPMENT_TEAM = A2FM76A94U;
				ENABLE_PREVIEWS = YES;
				INFOPLIST_FILE = MemoryGame/Info.plist;
				IPHONEOS_DEPLOYMENT_TARGET = 14.0;
				LD_RUNPATH_SEARCH_PATHS = (
					"$(inherited)",
					"@executable_path/Frameworks",
				);
				PRODUCT_BUNDLE_IDENTIFIER = mgdev.MemoryGame;
				PRODUCT_NAME = "$(TARGET_NAME)";
				SWIFT_VERSION = 5.0;
				TARGETED_DEVICE_FAMILY = "1,2";
			};
			name = Debug;
		};
		59B8D72E27100B2100437539 /* Release */ = {
			isa = XCBuildConfiguration;
			buildSettings = {
				ASSETCATALOG_COMPILER_APPICON_NAME = AppIcon;
				ASSETCATALOG_COMPILER_GLOBAL_ACCENT_COLOR_NAME = AccentColor;
				CODE_SIGN_STYLE = Automatic;
				DEVELOPMENT_ASSET_PATHS = "\"MemoryGame/Preview Content\"";
				DEVELOPMENT_TEAM = A2FM76A94U;
				ENABLE_PREVIEWS = YES;
				INFOPLIST_FILE = MemoryGame/Info.plist;
				IPHONEOS_DEPLOYMENT_TARGET = 14.0;
				LD_RUNPATH_SEARCH_PATHS = (
					"$(inherited)",
					"@executable_path/Frameworks",
				);
				PRODUCT_BUNDLE_IDENTIFIER = mgdev.MemoryGame;
				PRODUCT_NAME = "$(TARGET_NAME)";
				SWIFT_VERSION = 5.0;
				TARGETED_DEVICE_FAMILY = "1,2";
			};
			name = Release;
		};
		59B8D73027100B2100437539 /* Debug */ = {
			isa = XCBuildConfiguration;
			buildSettings = {
				ALWAYS_EMBED_SWIFT_STANDARD_LIBRARIES = YES;
				BUNDLE_LOADER = "$(TEST_HOST)";
				CODE_SIGN_STYLE = Automatic;
				DEVELOPMENT_TEAM = A2FM76A94U;
				INFOPLIST_FILE = MemoryGameTests/Info.plist;
				IPHONEOS_DEPLOYMENT_TARGET = 14.0;
				LD_RUNPATH_SEARCH_PATHS = (
					"$(inherited)",
					"@executable_path/Frameworks",
					"@loader_path/Frameworks",
				);
				PRODUCT_BUNDLE_IDENTIFIER = mgdev.MemoryGameTests;
				PRODUCT_NAME = "$(TARGET_NAME)";
				SWIFT_VERSION = 5.0;
				TARGETED_DEVICE_FAMILY = "1,2";
				TEST_HOST = "$(BUILT_PRODUCTS_DIR)/MemoryGame.app/MemoryGame";
			};
			name = Debug;
		};
		59B8D73127100B2100437539 /* Release */ = {
			isa = XCBuildConfiguration;
			buildSettings = {
				ALWAYS_EMBED_SWIFT_STANDARD_LIBRARIES = YES;
				BUNDLE_LOADER = "$(TEST_HOST)";
				CODE_SIGN_STYLE = Automatic;
				DEVELOPMENT_TEAM = A2FM76A94U;
				INFOPLIST_FILE = MemoryGameTests/Info.plist;
				IPHONEOS_DEPLOYMENT_TARGET = 14.0;
				LD_RUNPATH_SEARCH_PATHS = (
					"$(inherited)",
					"@executable_path/Frameworks",
					"@loader_path/Frameworks",
				);
				PRODUCT_BUNDLE_IDENTIFIER = mgdev.MemoryGameTests;
				PRODUCT_NAME = "$(TARGET_NAME)";
				SWIFT_VERSION = 5.0;
				TARGETED_DEVICE_FAMILY = "1,2";
				TEST_HOST = "$(BUILT_PRODUCTS_DIR)/MemoryGame.app/MemoryGame";
			};
			name = Release;
		};
		59B8D73327100B2100437539 /* Debug */ = {
			isa = XCBuildConfiguration;
			buildSettings = {
				ALWAYS_EMBED_SWIFT_STANDARD_LIBRARIES = YES;
				CODE_SIGN_STYLE = Automatic;
				DEVELOPMENT_TEAM = A2FM76A94U;
				INFOPLIST_FILE = MemoryGameUITests/Info.plist;
				LD_RUNPATH_SEARCH_PATHS = (
					"$(inherited)",
					"@executable_path/Frameworks",
					"@loader_path/Frameworks",
				);
				PRODUCT_BUNDLE_IDENTIFIER = mgdev.MemoryGameUITests;
				PRODUCT_NAME = "$(TARGET_NAME)";
				SWIFT_VERSION = 5.0;
				TARGETED_DEVICE_FAMILY = "1,2";
				TEST_TARGET_NAME = MemoryGame;
			};
			name = Debug;
		};
		59B8D73427100B2100437539 /* Release */ = {
			isa = XCBuildConfiguration;
			buildSettings = {
				ALWAYS_EMBED_SWIFT_STANDARD_LIBRARIES = YES;
				CODE_SIGN_STYLE = Automatic;
				DEVELOPMENT_TEAM = A2FM76A94U;
				INFOPLIST_FILE = MemoryGameUITests/Info.plist;
				LD_RUNPATH_SEARCH_PATHS = (
					"$(inherited)",
					"@executable_path/Frameworks",
					"@loader_path/Frameworks",
				);
				PRODUCT_BUNDLE_IDENTIFIER = mgdev.MemoryGameUITests;
				PRODUCT_NAME = "$(TARGET_NAME)";
				SWIFT_VERSION = 5.0;
				TARGETED_DEVICE_FAMILY = "1,2";
				TEST_TARGET_NAME = MemoryGame;
			};
			name = Release;
		};
/* End XCBuildConfiguration section */

/* Begin XCConfigurationList section */
		59B8D70227100B1E00437539 /* Build configuration list for PBXProject "MemoryGame" */ = {
			isa = XCConfigurationList;
			buildConfigurations = (
				59B8D72A27100B2100437539 /* Debug */,
				59B8D72B27100B2100437539 /* Release */,
			);
			defaultConfigurationIsVisible = 0;
			defaultConfigurationName = Release;
		};
		59B8D72C27100B2100437539 /* Build configuration list for PBXNativeTarget "MemoryGame" */ = {
			isa = XCConfigurationList;
			buildConfigurations = (
				59B8D72D27100B2100437539 /* Debug */,
				59B8D72E27100B2100437539 /* Release */,
			);
			defaultConfigurationIsVisible = 0;
			defaultConfigurationName = Release;
		};
		59B8D72F27100B2100437539 /* Build configuration list for PBXNativeTarget "MemoryGameTests" */ = {
			isa = XCConfigurationList;
			buildConfigurations = (
				59B8D73027100B2100437539 /* Debug */,
				59B8D73127100B2100437539 /* Release */,
			);
			defaultConfigurationIsVisible = 0;
			defaultConfigurationName = Release;
		};
		59B8D73227100B2100437539 /* Build configuration list for PBXNativeTarget "MemoryGameUITests" */ = {
			isa = XCConfigurationList;
			buildConfigurations = (
				59B8D73327100B2100437539 /* Debug */,
				59B8D73427100B2100437539 /* Release */,
			);
			defaultConfigurationIsVisible = 0;
			defaultConfigurationName = Release;
		};
/* End XCConfigurationList section */
	};
	rootObject = 59B8D6FF27100B1E00437539 /* Project object */;
}
